{
  "name": "fn-js",
  "version": "0.0.0",
  "lockfileVersion": 1,
  "requires": true,
  "dependencies": {
    "esm": {
      "version": "3.0.42",
      "resolved": "https://registry.npmjs.org/esm/-/esm-3.0.42.tgz",
      "integrity": "sha512-cEPQWWQtvfA94IFY+DEKD79YHLfxQ+4ALnrT7siVTymphk4OX4wUiIFaVsr7s76/RySMyzPCYZhdEUN83paNIQ==",
      "dev": true
    }
  }
}
